<?xml version="1.0" encoding="utf-8"?>
<Project ToolsVersion="4.0" xmlns="http://schemas.microsoft.com/developer/msbuild/2003">
  <ItemGroup>
    <Filter Include="Source Files">
      <UniqueIdentifier>{4FC737F1-C7A5-4376-A066-2A32D752A2FF}</UniqueIdentifier>
      <Extensions>cpp;c;cc;cxx;def;odl;idl;hpj;bat;asm;asmx</Extensions>
    </Filter>
    <Filter Include="Header Files">
      <UniqueIdentifier>{93995380-89BD-4b04-88EB-625FBE52EBFB}</UniqueIdentifier>
      <Extensions>h;hh;hpp;hxx;hm;inl;inc;xsd</Extensions>
    </Filter>
    <Filter Include="Resource Files">
      <UniqueIdentifier>{67DA6AB6-F800-4c08-8B7A-83BB121AAD01}</UniqueIdentifier>
      <Extensions>rc;ico;cur;bmp;dlg;rc2;rct;bin;rgs;gif;jpg;jpeg;jpe;resx;tiff;tif;png;wav;mfcribbon-ms</Extensions>
    </Filter>
    <Filter Include="StateMachine">
      <UniqueIdentifier>{3de2553f-951a-4f52-9019-7ccf574e4f1e}</UniqueIdentifier>
    </Filter>
    <Filter Include="StateMachine\HomerFSM">
      <UniqueIdentifier>{8805c24e-a75e-4acd-8b8c-0527093e3c7b}</UniqueIdentifier>
    </Filter>
  </ItemGroup>
  <ItemGroup>
    <ClCompile Include="Main.cpp">
      <Filter>Source Files</Filter>
    </ClCompile>
    <ClCompile Include="FirstScene.cpp">
      <Filter>Source Files</Filter>
    </ClCompile>
    <ClCompile Include="EntityFactory.cpp">
      <Filter>Source Files</Filter>
    </ClCompile>
    <ClCompile Include="Player.cpp">
      <Filter>Source Files</Filter>
    </ClCompile>
    <ClCompile Include="Homer.cpp">
      <Filter>Source Files</Filter>
    </ClCompile>
    <ClCompile Include="HomerIdle.cpp">
      <Filter>StateMachine\HomerFSM</Filter>
    </ClCompile>
    <ClCompile Include="HomerWalking.cpp">
      <Filter>StateMachine\HomerFSM</Filter>
    </ClCompile>
  </ItemGroup>
  <ItemGroup>
    <ClInclude Include="FirstScene.h">
      <Filter>Header Files</Filter>
    </ClInclude>
    <ClInclude Include="EntityFactory.h">
      <Filter>Header Files</Filter>
    </ClInclude>
    <ClInclude Include="Player.h">
      <Filter>Header Files</Filter>
    </ClInclude>
    <ClInclude Include="Homer.h">
      <Filter>Header Files</Filter>
    </ClInclude>
    <ClInclude Include="State.h">
      <Filter>StateMachine</Filter>
    </ClInclude>
    <ClInclude Include="HomerIdle.h">
      <Filter>StateMachine\HomerFSM</Filter>
    </ClInclude>
    <ClInclude Include="HomerWalking.h">
      <Filter>StateMachine\HomerFSM</Filter>
    </ClInclude>
  </ItemGroup>
</Project>