<?xml version="1.0" encoding="utf-8"?>
<Project ToolsVersion="4.0" xmlns="http://schemas.microsoft.com/developer/msbuild/2003">
  <ItemGroup>
    <Filter Include="Source Files">
      <UniqueIdentifier>{4FC737F1-C7A5-4376-A066-2A32D752A2FF}</UniqueIdentifier>
      <Extensions>cpp;c;cc;cxx;def;odl;idl;hpj;bat;asm;asmx</Extensions>
    </Filter>
    <Filter Include="Header Files">
      <UniqueIdentifier>{93995380-89BD-4b04-88EB-625FBE52EBFB}</UniqueIdentifier>
      <Extensions>h;hh;hpp;hxx;hm;inl;inc;xsd</Extensions>
    </Filter>
    <Filter Include="Resource Files">
      <UniqueIdentifier>{67DA6AB6-F800-4c08-8B7A-83BB121AAD01}</UniqueIdentifier>
      <Extensions>rc;ico;cur;bmp;dlg;rc2;rct;bin;rgs;gif;jpg;jpeg;jpe;resx;tiff;tif;png;wav;mfcribbon-ms</Extensions>
    </Filter>
    <Filter Include="StateMachine">
      <UniqueIdentifier>{3de2553f-951a-4f52-9019-7ccf574e4f1e}</UniqueIdentifier>
    </Filter>
    <Filter Include="StateMachine\HomerFSM">
      <UniqueIdentifier>{8805c24e-a75e-4acd-8b8c-0527093e3c7b}</UniqueIdentifier>
    </Filter>
    <Filter Include="StateMachine\GenericFSM">
      <UniqueIdentifier>{796a406e-cb97-48d2-887e-e60f81212ac4}</UniqueIdentifier>
    </Filter>
    <Filter Include="NPC">
      <UniqueIdentifier>{ff12473a-18bd-43a8-b807-44da7168885e}</UniqueIdentifier>
    </Filter>
    <Filter Include="NPC\Player">
      <UniqueIdentifier>{beed71cc-d6b0-4c7d-93bb-89b3db3233b1}</UniqueIdentifier>
    </Filter>
    <Filter Include="NPC\Player\Homer">
      <UniqueIdentifier>{2f796ae9-6076-4212-9ebb-b97de776502d}</UniqueIdentifier>
    </Filter>
    <Filter Include="NPC\Enemy">
      <UniqueIdentifier>{204881fb-2571-44de-b434-f0262f4d9584}</UniqueIdentifier>
    </Filter>
    <Filter Include="NPC\Enemy\Royd">
      <UniqueIdentifier>{8b04d820-2388-48ab-994f-63ba03b7a27e}</UniqueIdentifier>
    </Filter>
    <Filter Include="StateMachine\EnemyFSM">
      <UniqueIdentifier>{ca5f01ce-1884-45f7-b216-5b534251d59b}</UniqueIdentifier>
    </Filter>
  </ItemGroup>
  <ItemGroup>
    <ClCompile Include="Main.cpp">
      <Filter>Source Files</Filter>
    </ClCompile>
    <ClCompile Include="FirstScene.cpp">
      <Filter>Source Files</Filter>
    </ClCompile>
    <ClCompile Include="EntityFactory.cpp">
      <Filter>Source Files</Filter>
    </ClCompile>
    <ClCompile Include="HomerIdle.cpp">
      <Filter>StateMachine\HomerFSM</Filter>
    </ClCompile>
    <ClCompile Include="HomerWalking.cpp">
      <Filter>StateMachine\HomerFSM</Filter>
    </ClCompile>
    <ClCompile Include="HomerAttack.cpp">
      <Filter>StateMachine\HomerFSM</Filter>
    </ClCompile>
    <ClCompile Include="HomerJump.cpp">
      <Filter>StateMachine\HomerFSM</Filter>
    </ClCompile>
    <ClCompile Include="GenericWalking.cpp">
      <Filter>StateMachine\GenericFSM</Filter>
    </ClCompile>
    <ClCompile Include="GenericIdle.cpp">
      <Filter>StateMachine\GenericFSM</Filter>
    </ClCompile>
    <ClCompile Include="GenericJump.cpp">
      <Filter>StateMachine\GenericFSM</Filter>
    </ClCompile>
    <ClCompile Include="GenericAttack.cpp">
      <Filter>StateMachine\GenericFSM</Filter>
    </ClCompile>
    <ClCompile Include="Homer.cpp">
      <Filter>NPC\Player\Homer</Filter>
    </ClCompile>
    <ClCompile Include="Player.cpp">
      <Filter>NPC\Player</Filter>
    </ClCompile>
    <ClCompile Include="NPC.cpp">
      <Filter>NPC</Filter>
    </ClCompile>
    <ClCompile Include="Royd.cpp">
      <Filter>NPC\Enemy\Royd</Filter>
    </ClCompile>
    <ClCompile Include="EnemyIdle.cpp">
      <Filter>StateMachine\EnemyFSM</Filter>
    </ClCompile>
    <ClCompile Include="EnemyWalking.cpp">
      <Filter>StateMachine\EnemyFSM</Filter>
    </ClCompile>
    <ClCompile Include="Enemy.cpp">
      <Filter>NPC\Enemy</Filter>
    </ClCompile>
    <ClCompile Include="GenericDamaged.cpp">
      <Filter>StateMachine\GenericFSM</Filter>
    </ClCompile>
    <ClCompile Include="GenericDead.cpp">
      <Filter>StateMachine\GenericFSM</Filter>
    </ClCompile>
    <ClCompile Include="EnemyDead.cpp">
      <Filter>StateMachine\EnemyFSM</Filter>
    </ClCompile>
    <ClCompile Include="EnemyDamaged.cpp">
      <Filter>StateMachine\EnemyFSM</Filter>
    </ClCompile>
    <ClCompile Include="HomerDamaged.cpp">
      <Filter>StateMachine\HomerFSM</Filter>
    </ClCompile>
    <ClCompile Include="HomerDead.cpp">
      <Filter>StateMachine\HomerFSM</Filter>
    </ClCompile>
    <ClCompile Include="EnemyAttack.cpp">
      <Filter>StateMachine\EnemyFSM</Filter>
    </ClCompile>
  </ItemGroup>
  <ItemGroup>
    <ClInclude Include="FirstScene.h">
      <Filter>Header Files</Filter>
    </ClInclude>
    <ClInclude Include="EntityFactory.h">
      <Filter>Header Files</Filter>
    </ClInclude>
    <ClInclude Include="State.h">
      <Filter>StateMachine</Filter>
    </ClInclude>
    <ClInclude Include="HomerIdle.h">
      <Filter>StateMachine\HomerFSM</Filter>
    </ClInclude>
    <ClInclude Include="HomerWalking.h">
      <Filter>StateMachine\HomerFSM</Filter>
    </ClInclude>
    <ClInclude Include="HomerAttack.h">
      <Filter>StateMachine\HomerFSM</Filter>
    </ClInclude>
    <ClInclude Include="HomerJump.h">
      <Filter>StateMachine\HomerFSM</Filter>
    </ClInclude>
    <ClInclude Include="Input.h">
      <Filter>Header Files</Filter>
    </ClInclude>
    <ClInclude Include="GenericWalking.h">
      <Filter>StateMachine\GenericFSM</Filter>
    </ClInclude>
    <ClInclude Include="GenericIdle.h">
      <Filter>StateMachine\GenericFSM</Filter>
    </ClInclude>
    <ClInclude Include="GenericJump.h">
      <Filter>StateMachine\GenericFSM</Filter>
    </ClInclude>
    <ClInclude Include="GenericAttack.h">
      <Filter>StateMachine\GenericFSM</Filter>
    </ClInclude>
    <ClInclude Include="Homer.h">
      <Filter>NPC\Player\Homer</Filter>
    </ClInclude>
    <ClInclude Include="Player.h">
      <Filter>NPC\Player</Filter>
    </ClInclude>
    <ClInclude Include="NPC.h">
      <Filter>NPC</Filter>
    </ClInclude>
    <ClInclude Include="Royd.h">
      <Filter>NPC\Enemy\Royd</Filter>
    </ClInclude>
    <ClInclude Include="EnemyIdle.h">
      <Filter>StateMachine\EnemyFSM</Filter>
    </ClInclude>
    <ClInclude Include="EnemyWalking.h">
      <Filter>StateMachine\EnemyFSM</Filter>
    </ClInclude>
    <ClInclude Include="Enemy.h">
      <Filter>NPC\Enemy</Filter>
    </ClInclude>
    <ClInclude Include="GenericDamaged.h">
      <Filter>StateMachine\GenericFSM</Filter>
    </ClInclude>
    <ClInclude Include="GenericDead.h">
      <Filter>StateMachine\GenericFSM</Filter>
    </ClInclude>
    <ClInclude Include="EnemyDead.h">
      <Filter>StateMachine\EnemyFSM</Filter>
    </ClInclude>
    <ClInclude Include="EnemyDamaged.h">
      <Filter>StateMachine\EnemyFSM</Filter>
    </ClInclude>
    <ClInclude Include="HomerDamaged.h">
      <Filter>StateMachine\HomerFSM</Filter>
    </ClInclude>
    <ClInclude Include="HomerDead.h">
      <Filter>StateMachine\HomerFSM</Filter>
    </ClInclude>
    <ClInclude Include="EnemyAttack.h">
      <Filter>StateMachine\EnemyFSM</Filter>
    </ClInclude>
  </ItemGroup>
</Project>